
Microsoft Visual Studio Solution File, Format Version 12.00
# Visual Studio Version 16
VisualStudioVersion = 16.0.31624.102
MinimumVisualStudioVersion = 10.0.40219.1
Project("{9A19103F-16F7-4668-BE54-9A1E7A4F7556}") = "Models", "..\..\..\..\OneDrive\Робочий стіл\Models\Models.csproj", "{FD6BAEA9-5936-4232-BD9C-E065A6E3699F}"
EndProject
Project("{9A19103F-16F7-4668-BE54-9A1E7A4F7556}") = "ADO.NET", "..\..\..\..\OneDrive\Робочий стіл\HomeTask\ADO.NET\ADO.NET.csproj", "{A7EFED26-F302-4AF5-ACED-8B0601395C38}"
EndProject
Global
	GlobalSection(SolutionConfigurationPlatforms) = preSolution
		Debug|Any CPU = Debug|Any CPU
		Release|Any CPU = Release|Any CPU
	EndGlobalSection
	GlobalSection(ProjectConfigurationPlatforms) = postSolution
		{FD6BAEA9-5936-4232-BD9C-E065A6E3699F}.Debug|Any CPU.ActiveCfg = Debug|Any CPU
		{FD6BAEA9-5936-4232-BD9C-E065A6E3699F}.Debug|Any CPU.Build.0 = Debug|Any CPU
		{FD6BAEA9-5936-4232-BD9C-E065A6E3699F}.Release|Any CPU.ActiveCfg = Release|Any CPU
		{FD6BAEA9-5936-4232-BD9C-E065A6E3699F}.Release|Any CPU.Build.0 = Release|Any CPU
		{A7EFED26-F302-4AF5-ACED-8B0601395C38}.Debug|Any CPU.ActiveCfg = Debug|Any CPU
		{A7EFED26-F302-4AF5-ACED-8B0601395C38}.Debug|Any CPU.Build.0 = Debug|Any CPU
		{A7EFED26-F302-4AF5-ACED-8B0601395C38}.Release|Any CPU.ActiveCfg = Release|Any CPU
		{A7EFED26-F302-4AF5-ACED-8B0601395C38}.Release|Any CPU.Build.0 = Release|Any CPU
	EndGlobalSection
	GlobalSection(SolutionProperties) = preSolution
		HideSolutionNode = FALSE
	EndGlobalSection
	GlobalSection(ExtensibilityGlobals) = postSolution
		SolutionGuid = {60095723-A121-42C1-BD30-4F0B226AFBDD}
	EndGlobalSection
EndGlobal
